// !$*UTF8*$!
{
	archiveVersion = 1;
	classes = {
	};
	objectVersion = 52;
	objects = {

/* Begin PBXBuildFile section */
		390861A4261E74C300591F6E /* WebViewController.swift in Sources */ = {isa = PBXBuildFile; fileRef = 390861A3261E74C300591F6E /* WebViewController.swift */; };
		390861C8261E80C200591F6E /* ViewController.swift in Sources */ = {isa = PBXBuildFile; fileRef = 390861C7261E80C200591F6E /* ViewController.swift */; };
		390861CB261E80DD00591F6E /* AddViewController.swift in Sources */ = {isa = PBXBuildFile; fileRef = 390861CA261E80DD00591F6E /* AddViewController.swift */; };
		3930246E256495D300E14D16 /* User.swift in Sources */ = {isa = PBXBuildFile; fileRef = 3930246D256495D300E14D16 /* User.swift */; };
		393024712564F50C00E14D16 /* FilterViewController.swift in Sources */ = {isa = PBXBuildFile; fileRef = 393024702564F50C00E14D16 /* FilterViewController.swift */; };
		3930247425657B2500E14D16 /* FilterCollectionViewCell.swift in Sources */ = {isa = PBXBuildFile; fileRef = 3930247325657B2500E14D16 /* FilterCollectionViewCell.swift */; };
		393024802566028E00E14D16 /* TagImageViewController.swift in Sources */ = {isa = PBXBuildFile; fileRef = 3930247F2566028E00E14D16 /* TagImageViewController.swift */; };
		394B442D257430BC008DF2F3 /* CollageMakerViewController.swift in Sources */ = {isa = PBXBuildFile; fileRef = 394B442C257430BB008DF2F3 /* CollageMakerViewController.swift */; };
		394B44312574310E008DF2F3 /* FetchPhotoServiceViewModel.swift in Sources */ = {isa = PBXBuildFile; fileRef = 394B44302574310E008DF2F3 /* FetchPhotoServiceViewModel.swift */; };
		394B4438257431D0008DF2F3 /* PhotoCollectionViewCell.swift in Sources */ = {isa = PBXBuildFile; fileRef = 394B4436257431D0008DF2F3 /* PhotoCollectionViewCell.swift */; };
		394B4439257431D0008DF2F3 /* PhotoCollectionViewCell.xib in Resources */ = {isa = PBXBuildFile; fileRef = 394B4437257431D0008DF2F3 /* PhotoCollectionViewCell.xib */; };
		394B443C2574369F008DF2F3 /* PhotosCollectionViewController.swift in Sources */ = {isa = PBXBuildFile; fileRef = 394B443B2574369E008DF2F3 /* PhotosCollectionViewController.swift */; };
		394B44452574AB09008DF2F3 /* TagApi.swift in Sources */ = {isa = PBXBuildFile; fileRef = 394B44442574AB07008DF2F3 /* TagApi.swift */; };
		394B44482575B646008DF2F3 /* Api.swift in Sources */ = {isa = PBXBuildFile; fileRef = 394B44472575B645008DF2F3 /* Api.swift */; };
		395BE08125424E6B008EF624 /* CustomTableViewCell.swift in Sources */ = {isa = PBXBuildFile; fileRef = 395BE07F25424E6B008EF624 /* CustomTableViewCell.swift */; };
		395BE08225424E6B008EF624 /* CustomTableViewCell.xib in Resources */ = {isa = PBXBuildFile; fileRef = 395BE08025424E6B008EF624 /* CustomTableViewCell.xib */; };
		395BE097254278FE008EF624 /* DetailViewController.swift in Sources */ = {isa = PBXBuildFile; fileRef = 395BE096254278FE008EF624 /* DetailViewController.swift */; };
		395BE0A82547DD36008EF624 /* ImageCategory.swift in Sources */ = {isa = PBXBuildFile; fileRef = 395BE0A72547DD35008EF624 /* ImageCategory.swift */; };
		395BE0B52548AD8E008EF624 /* CustomHeaderView.swift in Sources */ = {isa = PBXBuildFile; fileRef = 395BE0B42548AD8E008EF624 /* CustomHeaderView.swift */; };
		395BE0B82548ADC0008EF624 /* CustomHeaderView.xib in Resources */ = {isa = PBXBuildFile; fileRef = 395BE0B72548ADC0008EF624 /* CustomHeaderView.xib */; };
		395BE0BC2548B5B5008EF624 /* ClosetViewController.swift in Sources */ = {isa = PBXBuildFile; fileRef = 395BE0BB2548B5B5008EF624 /* ClosetViewController.swift */; };
		397FB60D25761E55004CEBBB /* FavoriteData.swift in Sources */ = {isa = PBXBuildFile; fileRef = 397FB60C25761E55004CEBBB /* FavoriteData.swift */; };
		397FB6132576E4A6004CEBBB /* FavViewController.swift in Sources */ = {isa = PBXBuildFile; fileRef = 397FB6122576E4A6004CEBBB /* FavViewController.swift */; };
		399EC1312558564800E69C38 /* SignUpViewController.swift in Sources */ = {isa = PBXBuildFile; fileRef = 399EC1302558564800E69C38 /* SignUpViewController.swift */; };
		399EC1342558566500E69C38 /* LogInViewController.swift in Sources */ = {isa = PBXBuildFile; fileRef = 399EC1332558566500E69C38 /* LogInViewController.swift */; };
		399EC154255B44EB00E69C38 /* SettingsViewController.swift in Sources */ = {isa = PBXBuildFile; fileRef = 399EC153255B44EB00E69C38 /* SettingsViewController.swift */; };
		399EC158255B94F600E69C38 /* AuthService.swift in Sources */ = {isa = PBXBuildFile; fileRef = 399EC157255B94F500E69C38 /* AuthService.swift */; };
		399EC17A255CADD200E69C38 /* Config.swift in Sources */ = {isa = PBXBuildFile; fileRef = 399EC179255CADD200E69C38 /* Config.swift */; };
		399EC17D255CB38600E69C38 /* ClothesData.swift in Sources */ = {isa = PBXBuildFile; fileRef = 399EC17C255CB38600E69C38 /* ClothesData.swift */; };
		399EC1BD255F2EB200E69C38 /* Post.swift in Sources */ = {isa = PBXBuildFile; fileRef = 399EC1BC255F2EB000E69C38 /* Post.swift */; };
		39AAB17B251D307000F6BDC4 /* GoogleService-Info.plist in Resources */ = {isa = PBXBuildFile; fileRef = 39AAB17A251D307000F6BDC4 /* GoogleService-Info.plist */; };
		39C3536125787EF900C1F611 /* SettingsCell.swift in Sources */ = {isa = PBXBuildFile; fileRef = 39C3536025787EF900C1F611 /* SettingsCell.swift */; };
		39C3536425787F3300C1F611 /* SettingsSection.swift in Sources */ = {isa = PBXBuildFile; fileRef = 39C3536325787F3300C1F611 /* SettingsSection.swift */; };
		39C3536725787F9100C1F611 /* UserHeaderInfo.swift in Sources */ = {isa = PBXBuildFile; fileRef = 39C3536625787F9100C1F611 /* UserHeaderInfo.swift */; };
		39C3536B2578858200C1F611 /* Assets.xcassets in Resources */ = {isa = PBXBuildFile; fileRef = 39C3536A2578858200C1F611 /* Assets.xcassets */; };
		39C35373257ED43300C1F611 /* FindViewController.swift in Sources */ = {isa = PBXBuildFile; fileRef = 39C35372257ED43300C1F611 /* FindViewController.swift */; };
		39C35376257ED74D00C1F611 /* Resnet50.mlmodel in Sources */ = {isa = PBXBuildFile; fileRef = 39C35375257ED74D00C1F611 /* Resnet50.mlmodel */; };
		39C3537D257ED8BC00C1F611 /* CustomCollectionViewCell.xib in Resources */ = {isa = PBXBuildFile; fileRef = 39C3537B257ED8BB00C1F611 /* CustomCollectionViewCell.xib */; };
		39C3537E257ED8BC00C1F611 /* CustomCollectionViewCell.swift in Sources */ = {isa = PBXBuildFile; fileRef = 39C3537C257ED8BC00C1F611 /* CustomCollectionViewCell.swift */; };
		39DCDC422538CA95005C6E7B /* CalendarViewController.swift in Sources */ = {isa = PBXBuildFile; fileRef = 39DCDC412538CA95005C6E7B /* CalendarViewController.swift */; };
		39F4E7D9252CEC65000E45D0 /* FavoritesViewController.swift in Sources */ = {isa = PBXBuildFile; fileRef = 39F4E7D8252CEC65000E45D0 /* FavoritesViewController.swift */; };
		AF3B85EE25118CE80040FA7E /* AppDelegate.swift in Sources */ = {isa = PBXBuildFile; fileRef = AF3B85ED25118CE80040FA7E /* AppDelegate.swift */; };
		AF3B85F025118CE80040FA7E /* SceneDelegate.swift in Sources */ = {isa = PBXBuildFile; fileRef = AF3B85EF25118CE80040FA7E /* SceneDelegate.swift */; };
		AF3B85F225118CE80040FA7E /* HomeViewController.swift in Sources */ = {isa = PBXBuildFile; fileRef = AF3B85F125118CE80040FA7E /* HomeViewController.swift */; };
		AF3B85F525118CE80040FA7E /* Main.storyboard in Resources */ = {isa = PBXBuildFile; fileRef = AF3B85F325118CE80040FA7E /* Main.storyboard */; };
		AF3B85FA25118CEF0040FA7E /* LaunchScreen.storyboard in Resources */ = {isa = PBXBuildFile; fileRef = AF3B85F825118CEF0040FA7E /* LaunchScreen.storyboard */; };
		AF3B860225118E340040FA7E /* MenuViewController.swift in Sources */ = {isa = PBXBuildFile; fileRef = AF3B860125118E340040FA7E /* MenuViewController.swift */; };
		AF3B8604251198770040FA7E /* SlideInTransition.swift in Sources */ = {isa = PBXBuildFile; fileRef = AF3B8603251198770040FA7E /* SlideInTransition.swift */; };
		BBA128877493E91E4D35C24C /* Pods_SlideInTransition.framework in Frameworks */ = {isa = PBXBuildFile; fileRef = 93068045AF8182593F763BC0 /* Pods_SlideInTransition.framework */; };
/* End PBXBuildFile section */

/* Begin PBXFileReference section */
		390861A3261E74C300591F6E /* WebViewController.swift */ = {isa = PBXFileReference; lastKnownFileType = sourcecode.swift; path = WebViewController.swift; sourceTree = "<group>"; };
		390861C7261E80C200591F6E /* ViewController.swift */ = {isa = PBXFileReference; lastKnownFileType = sourcecode.swift; path = ViewController.swift; sourceTree = "<group>"; };
		390861CA261E80DD00591F6E /* AddViewController.swift */ = {isa = PBXFileReference; lastKnownFileType = sourcecode.swift; path = AddViewController.swift; sourceTree = "<group>"; };
		3930246D256495D300E14D16 /* User.swift */ = {isa = PBXFileReference; lastKnownFileType = sourcecode.swift; path = User.swift; sourceTree = "<group>"; };
		393024702564F50C00E14D16 /* FilterViewController.swift */ = {isa = PBXFileReference; lastKnownFileType = sourcecode.swift; path = FilterViewController.swift; sourceTree = "<group>"; };
		3930247325657B2500E14D16 /* FilterCollectionViewCell.swift */ = {isa = PBXFileReference; lastKnownFileType = sourcecode.swift; path = FilterCollectionViewCell.swift; sourceTree = "<group>"; };
		3930247F2566028E00E14D16 /* TagImageViewController.swift */ = {isa = PBXFileReference; lastKnownFileType = sourcecode.swift; path = TagImageViewController.swift; sourceTree = "<group>"; };
		394B442C257430BB008DF2F3 /* CollageMakerViewController.swift */ = {isa = PBXFileReference; lastKnownFileType = sourcecode.swift; path = CollageMakerViewController.swift; sourceTree = "<group>"; };
		394B44302574310E008DF2F3 /* FetchPhotoServiceViewModel.swift */ = {isa = PBXFileReference; lastKnownFileType = sourcecode.swift; path = FetchPhotoServiceViewModel.swift; sourceTree = "<group>"; };
		394B4436257431D0008DF2F3 /* PhotoCollectionViewCell.swift */ = {isa = PBXFileReference; lastKnownFileType = sourcecode.swift; path = PhotoCollectionViewCell.swift; sourceTree = "<group>"; };
		394B4437257431D0008DF2F3 /* PhotoCollectionViewCell.xib */ = {isa = PBXFileReference; lastKnownFileType = file.xib; path = PhotoCollectionViewCell.xib; sourceTree = "<group>"; };
		394B443B2574369E008DF2F3 /* PhotosCollectionViewController.swift */ = {isa = PBXFileReference; lastKnownFileType = sourcecode.swift; path = PhotosCollectionViewController.swift; sourceTree = "<group>"; };
		394B44442574AB07008DF2F3 /* TagApi.swift */ = {isa = PBXFileReference; lastKnownFileType = sourcecode.swift; path = TagApi.swift; sourceTree = "<group>"; };
		394B44472575B645008DF2F3 /* Api.swift */ = {isa = PBXFileReference; lastKnownFileType = sourcecode.swift; path = Api.swift; sourceTree = "<group>"; };
		395BE07F25424E6B008EF624 /* CustomTableViewCell.swift */ = {isa = PBXFileReference; lastKnownFileType = sourcecode.swift; path = CustomTableViewCell.swift; sourceTree = "<group>"; };
		395BE08025424E6B008EF624 /* CustomTableViewCell.xib */ = {isa = PBXFileReference; lastKnownFileType = file.xib; path = CustomTableViewCell.xib; sourceTree = "<group>"; };
		395BE096254278FE008EF624 /* DetailViewController.swift */ = {isa = PBXFileReference; lastKnownFileType = sourcecode.swift; path = DetailViewController.swift; sourceTree = "<group>"; };
		395BE0A72547DD35008EF624 /* ImageCategory.swift */ = {isa = PBXFileReference; lastKnownFileType = sourcecode.swift; path = ImageCategory.swift; sourceTree = "<group>"; };
		395BE0B42548AD8E008EF624 /* CustomHeaderView.swift */ = {isa = PBXFileReference; lastKnownFileType = sourcecode.swift; path = CustomHeaderView.swift; sourceTree = "<group>"; };
		395BE0B72548ADC0008EF624 /* CustomHeaderView.xib */ = {isa = PBXFileReference; lastKnownFileType = file.xib; path = CustomHeaderView.xib; sourceTree = "<group>"; };
		395BE0BB2548B5B5008EF624 /* ClosetViewController.swift */ = {isa = PBXFileReference; lastKnownFileType = sourcecode.swift; path = ClosetViewController.swift; sourceTree = "<group>"; };
		397FB60C25761E55004CEBBB /* FavoriteData.swift */ = {isa = PBXFileReference; lastKnownFileType = sourcecode.swift; path = FavoriteData.swift; sourceTree = "<group>"; };
		397FB6122576E4A6004CEBBB /* FavViewController.swift */ = {isa = PBXFileReference; lastKnownFileType = sourcecode.swift; path = FavViewController.swift; sourceTree = "<group>"; };
		399EC1302558564800E69C38 /* SignUpViewController.swift */ = {isa = PBXFileReference; lastKnownFileType = sourcecode.swift; path = SignUpViewController.swift; sourceTree = "<group>"; };
		399EC1332558566500E69C38 /* LogInViewController.swift */ = {isa = PBXFileReference; lastKnownFileType = sourcecode.swift; path = LogInViewController.swift; sourceTree = "<group>"; };
		399EC153255B44EB00E69C38 /* SettingsViewController.swift */ = {isa = PBXFileReference; lastKnownFileType = sourcecode.swift; path = SettingsViewController.swift; sourceTree = "<group>"; };
		399EC157255B94F500E69C38 /* AuthService.swift */ = {isa = PBXFileReference; lastKnownFileType = sourcecode.swift; path = AuthService.swift; sourceTree = "<group>"; };
		399EC179255CADD200E69C38 /* Config.swift */ = {isa = PBXFileReference; lastKnownFileType = sourcecode.swift; path = Config.swift; sourceTree = "<group>"; };
		399EC17C255CB38600E69C38 /* ClothesData.swift */ = {isa = PBXFileReference; lastKnownFileType = sourcecode.swift; path = ClothesData.swift; sourceTree = "<group>"; };
		399EC1BC255F2EB000E69C38 /* Post.swift */ = {isa = PBXFileReference; lastKnownFileType = sourcecode.swift; path = Post.swift; sourceTree = "<group>"; };
		39AAB17A251D307000F6BDC4 /* GoogleService-Info.plist */ = {isa = PBXFileReference; fileEncoding = 4; lastKnownFileType = text.plist.xml; path = "GoogleService-Info.plist"; sourceTree = "<group>"; };
		39C3536025787EF900C1F611 /* SettingsCell.swift */ = {isa = PBXFileReference; lastKnownFileType = sourcecode.swift; path = SettingsCell.swift; sourceTree = "<group>"; };
		39C3536325787F3300C1F611 /* SettingsSection.swift */ = {isa = PBXFileReference; lastKnownFileType = sourcecode.swift; path = SettingsSection.swift; sourceTree = "<group>"; };
		39C3536625787F9100C1F611 /* UserHeaderInfo.swift */ = {isa = PBXFileReference; lastKnownFileType = sourcecode.swift; path = UserHeaderInfo.swift; sourceTree = "<group>"; };
		39C3536A2578858200C1F611 /* Assets.xcassets */ = {isa = PBXFileReference; lastKnownFileType = folder.assetcatalog; path = Assets.xcassets; sourceTree = "<group>"; };
		39C35372257ED43300C1F611 /* FindViewController.swift */ = {isa = PBXFileReference; lastKnownFileType = sourcecode.swift; path = FindViewController.swift; sourceTree = "<group>"; };
		39C35375257ED74D00C1F611 /* Resnet50.mlmodel */ = {isa = PBXFileReference; lastKnownFileType = file.mlmodel; path = Resnet50.mlmodel; sourceTree = "<group>"; };
		39C3537B257ED8BB00C1F611 /* CustomCollectionViewCell.xib */ = {isa = PBXFileReference; fileEncoding = 4; lastKnownFileType = file.xib; path = CustomCollectionViewCell.xib; sourceTree = "<group>"; };
		39C3537C257ED8BC00C1F611 /* CustomCollectionViewCell.swift */ = {isa = PBXFileReference; fileEncoding = 4; lastKnownFileType = sourcecode.swift; path = CustomCollectionViewCell.swift; sourceTree = "<group>"; };
		39DCDC412538CA95005C6E7B /* CalendarViewController.swift */ = {isa = PBXFileReference; lastKnownFileType = sourcecode.swift; path = CalendarViewController.swift; sourceTree = "<group>"; };
		39F4E7D8252CEC65000E45D0 /* FavoritesViewController.swift */ = {isa = PBXFileReference; lastKnownFileType = sourcecode.swift; path = FavoritesViewController.swift; sourceTree = "<group>"; };
		678A1D524DA770512C3A03DA /* Pods-SlideInTransition.debug.xcconfig */ = {isa = PBXFileReference; includeInIndex = 1; lastKnownFileType = text.xcconfig; name = "Pods-SlideInTransition.debug.xcconfig"; path = "Target Support Files/Pods-SlideInTransition/Pods-SlideInTransition.debug.xcconfig"; sourceTree = "<group>"; };
		93068045AF8182593F763BC0 /* Pods_SlideInTransition.framework */ = {isa = PBXFileReference; explicitFileType = wrapper.framework; includeInIndex = 0; path = Pods_SlideInTransition.framework; sourceTree = BUILT_PRODUCTS_DIR; };
		AF3B85EA25118CE80040FA7E /* SlideInTransition.app */ = {isa = PBXFileReference; explicitFileType = wrapper.application; includeInIndex = 0; path = SlideInTransition.app; sourceTree = BUILT_PRODUCTS_DIR; };
		AF3B85ED25118CE80040FA7E /* AppDelegate.swift */ = {isa = PBXFileReference; lastKnownFileType = sourcecode.swift; path = AppDelegate.swift; sourceTree = "<group>"; };
		AF3B85EF25118CE80040FA7E /* SceneDelegate.swift */ = {isa = PBXFileReference; lastKnownFileType = sourcecode.swift; path = SceneDelegate.swift; sourceTree = "<group>"; };
		AF3B85F125118CE80040FA7E /* HomeViewController.swift */ = {isa = PBXFileReference; lastKnownFileType = sourcecode.swift; path = HomeViewController.swift; sourceTree = "<group>"; };
		AF3B85F425118CE80040FA7E /* Base */ = {isa = PBXFileReference; lastKnownFileType = file.storyboard; name = Base; path = Base.lproj/Main.storyboard; sourceTree = "<group>"; };
		AF3B85F925118CEF0040FA7E /* Base */ = {isa = PBXFileReference; lastKnownFileType = file.storyboard; name = Base; path = Base.lproj/LaunchScreen.storyboard; sourceTree = "<group>"; };
		AF3B85FB25118CEF0040FA7E /* Info.plist */ = {isa = PBXFileReference; lastKnownFileType = text.plist.xml; path = Info.plist; sourceTree = "<group>"; };
		AF3B860125118E340040FA7E /* MenuViewController.swift */ = {isa = PBXFileReference; lastKnownFileType = sourcecode.swift; path = MenuViewController.swift; sourceTree = "<group>"; };
		AF3B8603251198770040FA7E /* SlideInTransition.swift */ = {isa = PBXFileReference; lastKnownFileType = sourcecode.swift; path = SlideInTransition.swift; sourceTree = "<group>"; };
		BD86C42005AA4086511090E8 /* Pods-SlideInTransition.release.xcconfig */ = {isa = PBXFileReference; includeInIndex = 1; lastKnownFileType = text.xcconfig; name = "Pods-SlideInTransition.release.xcconfig"; path = "Target Support Files/Pods-SlideInTransition/Pods-SlideInTransition.release.xcconfig"; sourceTree = "<group>"; };
/* End PBXFileReference section */

/* Begin PBXFrameworksBuildPhase section */
		AF3B85E725118CE80040FA7E /* Frameworks */ = {
			isa = PBXFrameworksBuildPhase;
			buildActionMask = 2147483647;
			files = (
				BBA128877493E91E4D35C24C /* Pods_SlideInTransition.framework in Frameworks */,
			);
			runOnlyForDeploymentPostprocessing = 0;
		};
/* End PBXFrameworksBuildPhase section */

/* Begin PBXGroup section */
		128A488344CEFDC6337F6AB9 /* Frameworks */ = {
			isa = PBXGroup;
			children = (
				93068045AF8182593F763BC0 /* Pods_SlideInTransition.framework */,
			);
			name = Frameworks;
			sourceTree = "<group>";
		};
		1D31E689306E473643FF75EE /* Pods */ = {
			isa = PBXGroup;
			children = (
				678A1D524DA770512C3A03DA /* Pods-SlideInTransition.debug.xcconfig */,
				BD86C42005AA4086511090E8 /* Pods-SlideInTransition.release.xcconfig */,
			);
			path = Pods;
			sourceTree = "<group>";
		};
		390861C4261E809B00591F6E /* Reminders */ = {
			isa = PBXGroup;
			children = (
				390861C7261E80C200591F6E /* ViewController.swift */,
				390861CA261E80DD00591F6E /* AddViewController.swift */,
			);
			path = Reminders;
			sourceTree = "<group>";
		};
		3930247725657E2800E14D16 /* FilterViewController */ = {
			isa = PBXGroup;
			children = (
				3930247325657B2500E14D16 /* FilterCollectionViewCell.swift */,
				393024702564F50C00E14D16 /* FilterViewController.swift */,
			);
			path = FilterViewController;
			sourceTree = "<group>";
		};
		394B442B25743083008DF2F3 /* PhotoCollage */ = {
			isa = PBXGroup;
			children = (
				394B442C257430BB008DF2F3 /* CollageMakerViewController.swift */,
				394B443B2574369E008DF2F3 /* PhotosCollectionViewController.swift */,
				394B44302574310E008DF2F3 /* FetchPhotoServiceViewModel.swift */,
				394B4436257431D0008DF2F3 /* PhotoCollectionViewCell.swift */,
				394B4437257431D0008DF2F3 /* PhotoCollectionViewCell.xib */,
			);
			path = PhotoCollage;
			sourceTree = "<group>";
		};
		395BE08F2542567C008EF624 /* TableViewCell */ = {
			isa = PBXGroup;
			children = (
				395BE07F25424E6B008EF624 /* CustomTableViewCell.swift */,
				395BE08025424E6B008EF624 /* CustomTableViewCell.xib */,
			);
			path = TableViewCell;
			sourceTree = "<group>";
		};
		395BE090254256B6008EF624 /* CollectionViewCell */ = {
			isa = PBXGroup;
			children = (
				39C3537C257ED8BC00C1F611 /* CustomCollectionViewCell.swift */,
				39C3537B257ED8BB00C1F611 /* CustomCollectionViewCell.xib */,
			);
			name = CollectionViewCell;
			path = ../../..;
			sourceTree = "<group>";
		};
		395BE0AB2547E32C008EF624 /* Closet */ = {
			isa = PBXGroup;
			children = (
				399EC17C255CB38600E69C38 /* ClothesData.swift */,
				395BE096254278FE008EF624 /* DetailViewController.swift */,
				3930247F2566028E00E14D16 /* TagImageViewController.swift */,
				395BE0BB2548B5B5008EF624 /* ClosetViewController.swift */,
				395BE0A72547DD35008EF624 /* ImageCategory.swift */,
				3930247725657E2800E14D16 /* FilterViewController */,
				395BE0B32548ACFF008EF624 /* TableHeaderView */,
				395BE090254256B6008EF624 /* CollectionViewCell */,
				395BE08F2542567C008EF624 /* TableViewCell */,
			);
			path = Closet;
			sourceTree = "<group>";
		};
		395BE0B32548ACFF008EF624 /* TableHeaderView */ = {
			isa = PBXGroup;
			children = (
				395BE0B42548AD8E008EF624 /* CustomHeaderView.swift */,
				395BE0B72548ADC0008EF624 /* CustomHeaderView.xib */,
			);
			path = TableHeaderView;
			sourceTree = "<group>";
		};
		397FB60F25762861004CEBBB /* Favorites */ = {
			isa = PBXGroup;
			children = (
				397FB60C25761E55004CEBBB /* FavoriteData.swift */,
				39F4E7D8252CEC65000E45D0 /* FavoritesViewController.swift */,
				397FB6122576E4A6004CEBBB /* FavViewController.swift */,
			);
			path = Favorites;
			sourceTree = "<group>";
		};
		399D9CE325F7D2B10079F439 /* Main */ = {
			isa = PBXGroup;
			children = (
				AF3B860125118E340040FA7E /* MenuViewController.swift */,
				AF3B85F125118CE80040FA7E /* HomeViewController.swift */,
				399EC1302558564800E69C38 /* SignUpViewController.swift */,
				399EC1332558566500E69C38 /* LogInViewController.swift */,
				AF3B8603251198770040FA7E /* SlideInTransition.swift */,
			);
			path = Main;
			sourceTree = "<group>";
		};
		399D9CE425F7D2F60079F439 /* CalendarWeather */ = {
			isa = PBXGroup;
			children = (
				390861C4261E809B00591F6E /* Reminders */,
				39DCDC412538CA95005C6E7B /* CalendarViewController.swift */,
			);
			path = CalendarWeather;
			sourceTree = "<group>";
		};
		399EC156255B94AA00E69C38 /* Firebase */ = {
			isa = PBXGroup;
			children = (
				399EC157255B94F500E69C38 /* AuthService.swift */,
				3930246D256495D300E14D16 /* User.swift */,
				399EC179255CADD200E69C38 /* Config.swift */,
				394B44442574AB07008DF2F3 /* TagApi.swift */,
				394B44472575B645008DF2F3 /* Api.swift */,
				399EC1BC255F2EB000E69C38 /* Post.swift */,
			);
			path = Firebase;
			sourceTree = "<group>";
		};
		39C3535D25787EA500C1F611 /* Settings */ = {
			isa = PBXGroup;
			children = (
				399EC153255B44EB00E69C38 /* SettingsViewController.swift */,
				39C3536025787EF900C1F611 /* SettingsCell.swift */,
				39C3536325787F3300C1F611 /* SettingsSection.swift */,
				39C3536625787F9100C1F611 /* UserHeaderInfo.swift */,
			);
			path = Settings;
			sourceTree = "<group>";
		};
		39C35370257ED2D200C1F611 /* Find */ = {
			isa = PBXGroup;
			children = (
				39C35375257ED74D00C1F611 /* Resnet50.mlmodel */,
				39C35372257ED43300C1F611 /* FindViewController.swift */,
				390861A3261E74C300591F6E /* WebViewController.swift */,
			);
			path = Find;
			sourceTree = "<group>";
		};
		AF3B85E125118CE80040FA7E = {
			isa = PBXGroup;
			children = (
				AF3B85EC25118CE80040FA7E /* SlideInTransition */,
				AF3B85EB25118CE80040FA7E /* Products */,
				1D31E689306E473643FF75EE /* Pods */,
				128A488344CEFDC6337F6AB9 /* Frameworks */,
			);
			sourceTree = "<group>";
		};
		AF3B85EB25118CE80040FA7E /* Products */ = {
			isa = PBXGroup;
			children = (
				AF3B85EA25118CE80040FA7E /* SlideInTransition.app */,
			);
			name = Products;
			sourceTree = "<group>";
		};
		AF3B85EC25118CE80040FA7E /* SlideInTransition */ = {
			isa = PBXGroup;
			children = (
				AF3B8616251297890040FA7E /* Menu */,
				AF3B85EF25118CE80040FA7E /* SceneDelegate.swift */,
				AF3B85ED25118CE80040FA7E /* AppDelegate.swift */,
				AF3B85F825118CEF0040FA7E /* LaunchScreen.storyboard */,
				AF3B85FB25118CEF0040FA7E /* Info.plist */,
				39AAB17A251D307000F6BDC4 /* GoogleService-Info.plist */,
			);
			path = SlideInTransition;
			sourceTree = "<group>";
		};
		AF3B8616251297890040FA7E /* Menu */ = {
			isa = PBXGroup;
			children = (
				399EC156255B94AA00E69C38 /* Firebase */,
				395BE0AB2547E32C008EF624 /* Closet */,
				394B442B25743083008DF2F3 /* PhotoCollage */,
				397FB60F25762861004CEBBB /* Favorites */,
				39C3535D25787EA500C1F611 /* Settings */,
				399D9CE325F7D2B10079F439 /* Main */,
				39C35370257ED2D200C1F611 /* Find */,
				399D9CE425F7D2F60079F439 /* CalendarWeather */,
				AF3B85F325118CE80040FA7E /* Main.storyboard */,
				39C3536A2578858200C1F611 /* Assets.xcassets */,
			);
			path = Menu;
			sourceTree = "<group>";
		};
/* End PBXGroup section */

/* Begin PBXHeadersBuildPhase section */
		392FDBE92523DA130080B44D /* Headers */ = {
			isa = PBXHeadersBuildPhase;
			buildActionMask = 2147483647;
			files = (
			);
			runOnlyForDeploymentPostprocessing = 0;
		};
/* End PBXHeadersBuildPhase section */

/* Begin PBXNativeTarget section */
		AF3B85E925118CE80040FA7E /* SlideInTransition */ = {
			isa = PBXNativeTarget;
			buildConfigurationList = AF3B85FE25118CEF0040FA7E /* Build configuration list for PBXNativeTarget "SlideInTransition" */;
			buildPhases = (
				CD3EBA3CE5038741CD1A4502 /* [CP] Check Pods Manifest.lock */,
				392FDBE92523DA130080B44D /* Headers */,
				AF3B85E625118CE80040FA7E /* Sources */,
				AF3B85E725118CE80040FA7E /* Frameworks */,
				AF3B85E825118CE80040FA7E /* Resources */,
				392FDBEA2523DA220080B44D /* ShellScript */,
				0092EE6909ACD5F5167A65BD /* [CP] Embed Pods Frameworks */,
			);
			buildRules = (
			);
			dependencies = (
			);
			name = SlideInTransition;
			productName = SlideInTransition;
			productReference = AF3B85EA25118CE80040FA7E /* SlideInTransition.app */;
			productType = "com.apple.product-type.application";
		};
/* End PBXNativeTarget section */

/* Begin PBXProject section */
		AF3B85E225118CE80040FA7E /* Project object */ = {
			isa = PBXProject;
			attributes = {
				LastSwiftUpdateCheck = 1170;
				LastUpgradeCheck = 1200;
				ORGANIZATIONNAME = "CSUN-Vestium";
				TargetAttributes = {
					AF3B85E925118CE80040FA7E = {
						CreatedOnToolsVersion = 11.7;
					};
				};
			};
			buildConfigurationList = AF3B85E525118CE80040FA7E /* Build configuration list for PBXProject "SlideInTransition" */;
			compatibilityVersion = "Xcode 9.3";
			developmentRegion = en;
			hasScannedForEncodings = 0;
			knownRegions = (
				en,
				Base,
			);
			mainGroup = AF3B85E125118CE80040FA7E;
			packageReferences = (
				399D9BF725EEF8230079F439 /* XCRemoteSwiftPackageReference "SDWebImage" */,
			);
			productRefGroup = AF3B85EB25118CE80040FA7E /* Products */;
			projectDirPath = "";
			projectRoot = "";
			targets = (
				AF3B85E925118CE80040FA7E /* SlideInTransition */,
			);
		};
/* End PBXProject section */

/* Begin PBXResourcesBuildPhase section */
		AF3B85E825118CE80040FA7E /* Resources */ = {
			isa = PBXResourcesBuildPhase;
			buildActionMask = 2147483647;
			files = (
				AF3B85FA25118CEF0040FA7E /* LaunchScreen.storyboard in Resources */,
				395BE08225424E6B008EF624 /* CustomTableViewCell.xib in Resources */,
				39AAB17B251D307000F6BDC4 /* GoogleService-Info.plist in Resources */,
				394B4439257431D0008DF2F3 /* PhotoCollectionViewCell.xib in Resources */,
				AF3B85F525118CE80040FA7E /* Main.storyboard in Resources */,
				39C3536B2578858200C1F611 /* Assets.xcassets in Resources */,
				395BE0B82548ADC0008EF624 /* CustomHeaderView.xib in Resources */,
				39C3537D257ED8BC00C1F611 /* CustomCollectionViewCell.xib in Resources */,
			);
			runOnlyForDeploymentPostprocessing = 0;
		};
/* End PBXResourcesBuildPhase section */

/* Begin PBXShellScriptBuildPhase section */
		0092EE6909ACD5F5167A65BD /* [CP] Embed Pods Frameworks */ = {
			isa = PBXShellScriptBuildPhase;
			buildActionMask = 2147483647;
			files = (
			);
			inputFileListPaths = (
				"${PODS_ROOT}/Target Support Files/Pods-SlideInTransition/Pods-SlideInTransition-frameworks-${CONFIGURATION}-input-files.xcfilelist",
			);
			name = "[CP] Embed Pods Frameworks";
			outputFileListPaths = (
				"${PODS_ROOT}/Target Support Files/Pods-SlideInTransition/Pods-SlideInTransition-frameworks-${CONFIGURATION}-output-files.xcfilelist",
			);
			runOnlyForDeploymentPostprocessing = 0;
			shellPath = /bin/sh;
			shellScript = "\"${PODS_ROOT}/Target Support Files/Pods-SlideInTransition/Pods-SlideInTransition-frameworks.sh\"\n";
			showEnvVarsInLog = 0;
		};
		392FDBEA2523DA220080B44D /* ShellScript */ = {
			isa = PBXShellScriptBuildPhase;
			buildActionMask = 2147483647;
			files = (
			);
			inputFileListPaths = (
			);
			inputPaths = (
			);
			outputFileListPaths = (
			);
			outputPaths = (
			);
			runOnlyForDeploymentPostprocessing = 0;
			shellPath = /bin/sh;
			shellScript = "\"${PODS_ROOT}/FirebaseCrashlytics/run\"\n";
		};
		CD3EBA3CE5038741CD1A4502 /* [CP] Check Pods Manifest.lock */ = {
			isa = PBXShellScriptBuildPhase;
			buildActionMask = 2147483647;
			files = (
			);
			inputFileListPaths = (
			);
			inputPaths = (
				"${PODS_PODFILE_DIR_PATH}/Podfile.lock",
				"${PODS_ROOT}/Manifest.lock",
			);
			name = "[CP] Check Pods Manifest.lock";
			outputFileListPaths = (
			);
			outputPaths = (
				"$(DERIVED_FILE_DIR)/Pods-SlideInTransition-checkManifestLockResult.txt",
			);
			runOnlyForDeploymentPostprocessing = 0;
			shellPath = /bin/sh;
			shellScript = "diff \"${PODS_PODFILE_DIR_PATH}/Podfile.lock\" \"${PODS_ROOT}/Manifest.lock\" > /dev/null\nif [ $? != 0 ] ; then\n    # print error to STDERR\n    echo \"error: The sandbox is not in sync with the Podfile.lock. Run 'pod install' or update your CocoaPods installation.\" >&2\n    exit 1\nfi\n# This output is used by Xcode 'outputs' to avoid re-running this script phase.\necho \"SUCCESS\" > \"${SCRIPT_OUTPUT_FILE_0}\"\n";
			showEnvVarsInLog = 0;
		};
/* End PBXShellScriptBuildPhase section */

/* Begin PBXSourcesBuildPhase section */
		AF3B85E625118CE80040FA7E /* Sources */ = {
			isa = PBXSourcesBuildPhase;
			buildActionMask = 2147483647;
			files = (
				39DCDC422538CA95005C6E7B /* CalendarViewController.swift in Sources */,
				395BE0B52548AD8E008EF624 /* CustomHeaderView.swift in Sources */,
				AF3B85F225118CE80040FA7E /* HomeViewController.swift in Sources */,
				394B443C2574369F008DF2F3 /* PhotosCollectionViewController.swift in Sources */,
				399EC17A255CADD200E69C38 /* Config.swift in Sources */,
				39F4E7D9252CEC65000E45D0 /* FavoritesViewController.swift in Sources */,
				393024802566028E00E14D16 /* TagImageViewController.swift in Sources */,
				397FB60D25761E55004CEBBB /* FavoriteData.swift in Sources */,
				39C3536425787F3300C1F611 /* SettingsSection.swift in Sources */,
				395BE0BC2548B5B5008EF624 /* ClosetViewController.swift in Sources */,
				390861CB261E80DD00591F6E /* AddViewController.swift in Sources */,
				393024712564F50C00E14D16 /* FilterViewController.swift in Sources */,
				395BE0A82547DD36008EF624 /* ImageCategory.swift in Sources */,
				394B44482575B646008DF2F3 /* Api.swift in Sources */,
				AF3B85EE25118CE80040FA7E /* AppDelegate.swift in Sources */,
				399EC154255B44EB00E69C38 /* SettingsViewController.swift in Sources */,
				39C3537E257ED8BC00C1F611 /* CustomCollectionViewCell.swift in Sources */,
				397FB6132576E4A6004CEBBB /* FavViewController.swift in Sources */,
				3930246E256495D300E14D16 /* User.swift in Sources */,
				AF3B85F025118CE80040FA7E /* SceneDelegate.swift in Sources */,
				390861A4261E74C300591F6E /* WebViewController.swift in Sources */,
				AF3B860225118E340040FA7E /* MenuViewController.swift in Sources */,
				390861C8261E80C200591F6E /* ViewController.swift in Sources */,
				394B4438257431D0008DF2F3 /* PhotoCollectionViewCell.swift in Sources */,
				394B442D257430BC008DF2F3 /* CollageMakerViewController.swift in Sources */,
				399EC1BD255F2EB200E69C38 /* Post.swift in Sources */,
				394B44312574310E008DF2F3 /* FetchPhotoServiceViewModel.swift in Sources */,
				39C35373257ED43300C1F611 /* FindViewController.swift in Sources */,
				399EC1312558564800E69C38 /* SignUpViewController.swift in Sources */,
				395BE097254278FE008EF624 /* DetailViewController.swift in Sources */,
				39C3536725787F9100C1F611 /* UserHeaderInfo.swift in Sources */,
				399EC1342558566500E69C38 /* LogInViewController.swift in Sources */,
				39C35376257ED74D00C1F611 /* Resnet50.mlmodel in Sources */,
				399EC17D255CB38600E69C38 /* ClothesData.swift in Sources */,
				394B44452574AB09008DF2F3 /* TagApi.swift in Sources */,
				399EC158255B94F600E69C38 /* AuthService.swift in Sources */,
				395BE08125424E6B008EF624 /* CustomTableViewCell.swift in Sources */,
				3930247425657B2500E14D16 /* FilterCollectionViewCell.swift in Sources */,
				AF3B8604251198770040FA7E /* SlideInTransition.swift in Sources */,
				39C3536125787EF900C1F611 /* SettingsCell.swift in Sources */,
			);
			runOnlyForDeploymentPostprocessing = 0;
		};
/* End PBXSourcesBuildPhase section */

/* Begin PBXVariantGroup section */
		AF3B85F325118CE80040FA7E /* Main.storyboard */ = {
			isa = PBXVariantGroup;
			children = (
				AF3B85F425118CE80040FA7E /* Base */,
			);
			name = Main.storyboard;
			sourceTree = "<group>";
		};
		AF3B85F825118CEF0040FA7E /* LaunchScreen.storyboard */ = {
			isa = PBXVariantGroup;
			children = (
				AF3B85F925118CEF0040FA7E /* Base */,
			);
			name = LaunchScreen.storyboard;
			sourceTree = "<group>";
		};
/* End PBXVariantGroup section */

/* Begin XCBuildConfiguration section */
		AF3B85FC25118CEF0040FA7E /* Debug */ = {
			isa = XCBuildConfiguration;
			buildSettings = {
				ALWAYS_SEARCH_USER_PATHS = NO;
				CLANG_ANALYZER_NONNULL = YES;
				CLANG_ANALYZER_NUMBER_OBJECT_CONVERSION = YES_AGGRESSIVE;
				CLANG_CXX_LANGUAGE_STANDARD = "gnu++14";
				CLANG_CXX_LIBRARY = "libc++";
				CLANG_ENABLE_MODULES = YES;
				CLANG_ENABLE_OBJC_ARC = YES;
				CLANG_ENABLE_OBJC_WEAK = YES;
				CLANG_WARN_BLOCK_CAPTURE_AUTORELEASING = YES;
				CLANG_WARN_BOOL_CONVERSION = YES;
				CLANG_WARN_COMMA = YES;
				CLANG_WARN_CONSTANT_CONVERSION = YES;
				CLANG_WARN_DEPRECATED_OBJC_IMPLEMENTATIONS = YES;
				CLANG_WARN_DIRECT_OBJC_ISA_USAGE = YES_ERROR;
				CLANG_WARN_DOCUMENTATION_COMMENTS = YES;
				CLANG_WARN_EMPTY_BODY = YES;
				CLANG_WARN_ENUM_CONVERSION = YES;
				CLANG_WARN_INFINITE_RECURSION = YES;
				CLANG_WARN_INT_CONVERSION = YES;
				CLANG_WARN_NON_LITERAL_NULL_CONVERSION = YES;
				CLANG_WARN_OBJC_IMPLICIT_RETAIN_SELF = YES;
				CLANG_WARN_OBJC_LITERAL_CONVERSION = YES;
				CLANG_WARN_OBJC_ROOT_CLASS = YES_ERROR;
				CLANG_WARN_QUOTED_INCLUDE_IN_FRAMEWORK_HEADER = YES;
				CLANG_WARN_RANGE_LOOP_ANALYSIS = YES;
				CLANG_WARN_STRICT_PROTOTYPES = YES;
				CLANG_WARN_SUSPICIOUS_MOVE = YES;
				CLANG_WARN_UNGUARDED_AVAILABILITY = YES_AGGRESSIVE;
				CLANG_WARN_UNREACHABLE_CODE = YES;
				CLANG_WARN__DUPLICATE_METHOD_MATCH = YES;
				COPY_PHASE_STRIP = NO;
				DEBUG_INFORMATION_FORMAT = dwarf;
				ENABLE_STRICT_OBJC_MSGSEND = YES;
				ENABLE_TESTABILITY = YES;
				GCC_C_LANGUAGE_STANDARD = gnu11;
				GCC_DYNAMIC_NO_PIC = NO;
				GCC_NO_COMMON_BLOCKS = NO;
				GCC_OPTIMIZATION_LEVEL = 0;
				GCC_PREPROCESSOR_DEFINITIONS = (
					"DEBUG=1",
					"$(inherited)",
				);
				GCC_WARN_64_TO_32_BIT_CONVERSION = YES;
				GCC_WARN_ABOUT_RETURN_TYPE = YES_ERROR;
				GCC_WARN_UNDECLARED_SELECTOR = YES;
				GCC_WARN_UNINITIALIZED_AUTOS = YES_AGGRESSIVE;
				GCC_WARN_UNUSED_FUNCTION = YES;
				GCC_WARN_UNUSED_VARIABLE = YES;
				IPHONEOS_DEPLOYMENT_TARGET = 13.0;
				MTL_ENABLE_DEBUG_INFO = INCLUDE_SOURCE;
				MTL_FAST_MATH = YES;
				ONLY_ACTIVE_ARCH = YES;
				SDKROOT = iphoneos;
				SWIFT_ACTIVE_COMPILATION_CONDITIONS = DEBUG;
				SWIFT_OPTIMIZATION_LEVEL = "-Onone";
			};
			name = Debug;
		};
		AF3B85FD25118CEF0040FA7E /* Release */ = {
			isa = XCBuildConfiguration;
			buildSettings = {
				ALWAYS_SEARCH_USER_PATHS = NO;
				CLANG_ANALYZER_NONNULL = YES;
				CLANG_ANALYZER_NUMBER_OBJECT_CONVERSION = YES_AGGRESSIVE;
				CLANG_CXX_LANGUAGE_STANDARD = "gnu++14";
				CLANG_CXX_LIBRARY = "libc++";
				CLANG_ENABLE_MODULES = YES;
				CLANG_ENABLE_OBJC_ARC = YES;
				CLANG_ENABLE_OBJC_WEAK = YES;
				CLANG_WARN_BLOCK_CAPTURE_AUTORELEASING = YES;
				CLANG_WARN_BOOL_CONVERSION = YES;
				CLANG_WARN_COMMA = YES;
				CLANG_WARN_CONSTANT_CONVERSION = YES;
				CLANG_WARN_DEPRECATED_OBJC_IMPLEMENTATIONS = YES;
				CLANG_WARN_DIRECT_OBJC_ISA_USAGE = YES_ERROR;
				CLANG_WARN_DOCUMENTATION_COMMENTS = YES;
				CLANG_WARN_EMPTY_BODY = YES;
				CLANG_WARN_ENUM_CONVERSION = YES;
				CLANG_WARN_INFINITE_RECURSION = YES;
				CLANG_WARN_INT_CONVERSION = YES;
				CLANG_WARN_NON_LITERAL_NULL_CONVERSION = YES;
				CLANG_WARN_OBJC_IMPLICIT_RETAIN_SELF = YES;
				CLANG_WARN_OBJC_LITERAL_CONVERSION = YES;
				CLANG_WARN_OBJC_ROOT_CLASS = YES_ERROR;
				CLANG_WARN_QUOTED_INCLUDE_IN_FRAMEWORK_HEADER = YES;
				CLANG_WARN_RANGE_LOOP_ANALYSIS = YES;
				CLANG_WARN_STRICT_PROTOTYPES = YES;
				CLANG_WARN_SUSPICIOUS_MOVE = YES;
				CLANG_WARN_UNGUARDED_AVAILABILITY = YES_AGGRESSIVE;
				CLANG_WARN_UNREACHABLE_CODE = YES;
				CLANG_WARN__DUPLICATE_METHOD_MATCH = YES;
				COPY_PHASE_STRIP = NO;
				DEBUG_INFORMATION_FORMAT = "dwarf-with-dsym";
				ENABLE_NS_ASSERTIONS = NO;
				ENABLE_STRICT_OBJC_MSGSEND = YES;
				GCC_C_LANGUAGE_STANDARD = gnu11;
				GCC_NO_COMMON_BLOCKS = NO;
				GCC_WARN_64_TO_32_BIT_CONVERSION = YES;
				GCC_WARN_ABOUT_RETURN_TYPE = YES_ERROR;
				GCC_WARN_UNDECLARED_SELECTOR = YES;
				GCC_WARN_UNINITIALIZED_AUTOS = YES_AGGRESSIVE;
				GCC_WARN_UNUSED_FUNCTION = YES;
				GCC_WARN_UNUSED_VARIABLE = YES;
				IPHONEOS_DEPLOYMENT_TARGET = 13.0;
				MTL_ENABLE_DEBUG_INFO = NO;
				MTL_FAST_MATH = YES;
				SDKROOT = iphoneos;
				SWIFT_COMPILATION_MODE = wholemodule;
				SWIFT_OPTIMIZATION_LEVEL = "-O";
				VALIDATE_PRODUCT = YES;
			};
			name = Release;
		};
		AF3B85FF25118CEF0040FA7E /* Debug */ = {
			isa = XCBuildConfiguration;
			baseConfigurationReference = 678A1D524DA770512C3A03DA /* Pods-SlideInTransition.debug.xcconfig */;
			buildSettings = {
				ASSETCATALOG_COMPILER_APPICON_NAME = AppIcon;
				CODE_SIGN_STYLE = Automatic;
				DEVELOPMENT_TEAM = 7AN6CV4AF3;
				INFOPLIST_FILE = SlideInTransition/Info.plist;
				IPHONEOS_DEPLOYMENT_TARGET = 13.0;
				LD_RUNPATH_SEARCH_PATHS = (
					"$(inherited)",
					"@executable_path/Frameworks",
				);
				PRODUCT_BUNDLE_IDENTIFIER = "csun-vestium33";
				PRODUCT_NAME = "$(TARGET_NAME)";
				SWIFT_VERSION = 5.0;
				TARGETED_DEVICE_FAMILY = "1,2";
			};
			name = Debug;
		};
		AF3B860025118CEF0040FA7E /* Release */ = {
			isa = XCBuildConfiguration;
			baseConfigurationReference = BD86C42005AA4086511090E8 /* Pods-SlideInTransition.release.xcconfig */;
			buildSettings = {
				ASSETCATALOG_COMPILER_APPICON_NAME = AppIcon;
				CODE_SIGN_STYLE = Automatic;
				DEVELOPMENT_TEAM = 7AN6CV4AF3;
				INFOPLIST_FILE = SlideInTransition/Info.plist;
				IPHONEOS_DEPLOYMENT_TARGET = 13.0;
				LD_RUNPATH_SEARCH_PATHS = (
					"$(inherited)",
					"@executable_path/Frameworks",
				);
				PRODUCT_BUNDLE_IDENTIFIER = "csun-vestium33";
				PRODUCT_NAME = "$(TARGET_NAME)";
				SWIFT_VERSION = 5.0;
				TARGETED_DEVICE_FAMILY = "1,2";
			};
			name = Release;
		};
/* End XCBuildConfiguration section */

/* Begin XCConfigurationList section */
		AF3B85E525118CE80040FA7E /* Build configuration list for PBXProject "SlideInTransition" */ = {
			isa = XCConfigurationList;
			buildConfigurations = (
				AF3B85FC25118CEF0040FA7E /* Debug */,
				AF3B85FD25118CEF0040FA7E /* Release */,
			);
			defaultConfigurationIsVisible = 0;
			defaultConfigurationName = Release;
		};
		AF3B85FE25118CEF0040FA7E /* Build configuration list for PBXNativeTarget "SlideInTransition" */ = {
			isa = XCConfigurationList;
			buildConfigurations = (
				AF3B85FF25118CEF0040FA7E /* Debug */,
				AF3B860025118CEF0040FA7E /* Release */,
			);
			defaultConfigurationIsVisible = 0;
			defaultConfigurationName = Release;
		};
/* End XCConfigurationList section */

/* Begin XCRemoteSwiftPackageReference section */
		399D9BF725EEF8230079F439 /* XCRemoteSwiftPackageReference "SDWebImage" */ = {
			isa = XCRemoteSwiftPackageReference;
			repositoryURL = "https://github.com/SDWebImage/SDWebImage.git";
			requirement = {
				kind = upToNextMajorVersion;
				minimumVersion = 5.10.4;
			};
		};
/* End XCRemoteSwiftPackageReference section */
	};
	rootObject = AF3B85E225118CE80040FA7E /* Project object */;
}
